
Microsoft Visual Studio Solution File, Format Version 11.00
# Visual Studio 2010
Project("{FAE04EC0-301F-11D3-BF4B-00C04F79EFBC}") = "RFID_practice", "Assembly-CSharp.csproj", "{96F13CB6-EEE5-9968-8EE4-45BEFFFCAEBC}"
EndProject
Global
	GlobalSection(SolutionConfigurationPlatforms) = preSolution
		Debug|Any CPU = Debug|Any CPU
		Release|Any CPU = Release|Any CPU
	EndGlobalSection
	GlobalSection(ProjectConfigurationPlatforms) = postSolution
		{96F13CB6-EEE5-9968-8EE4-45BEFFFCAEBC}.Debug|Any CPU.ActiveCfg = Debug|Any CPU
		{96F13CB6-EEE5-9968-8EE4-45BEFFFCAEBC}.Debug|Any CPU.Build.0 = Debug|Any CPU
		{96F13CB6-EEE5-9968-8EE4-45BEFFFCAEBC}.Release|Any CPU.ActiveCfg = Release|Any CPU
		{96F13CB6-EEE5-9968-8EE4-45BEFFFCAEBC}.Release|Any CPU.Build.0 = Release|Any CPU
	EndGlobalSection
	GlobalSection(SolutionProperties) = preSolution
		HideSolutionNode = FALSE
	EndGlobalSection
	GlobalSection(MonoDevelopProperties) = preSolution
		StartupItem = Assembly-CSharp.csproj
	EndGlobalSection
EndGlobal
